
Microsoft Visual Studio Solution File, Format Version 12.00
# Visual Studio Version 17
VisualStudioVersion = 17.0.31903.59
MinimumVisualStudioVersion = 10.0.40219.1
Project("{2150E333-8FDC-42A3-9474-1A3956D46DE8}") = "src", "src", "{52CFAF33-386F-4849-9D24-C2B6951A7066}"
EndProject
Project("{FAE04EC0-301F-11D3-BF4B-00C04F79EFBC}") = "Numstore", "src\Numstore\Numstore.csproj", "{247EFE6E-F011-4E6B-A75D-7C57513F72B8}"
EndProject
Project("{2150E333-8FDC-42A3-9474-1A3956D46DE8}") = "tests", "tests", "{2A08C1D5-AD44-43D3-B4C4-A6977DA1AFC3}"
EndProject
Project("{FAE04EC0-301F-11D3-BF4B-00C04F79EFBC}") = "Numstore.Tests", "tests\Numstore.Tests\Numstore.Tests.csproj", "{2E854FA4-7FD9-4718-BE33-F193D11B35BE}"
EndProject
Global
	GlobalSection(SolutionConfigurationPlatforms) = preSolution
		Debug|Any CPU = Debug|Any CPU
		Release|Any CPU = Release|Any CPU
	EndGlobalSection
	GlobalSection(SolutionProperties) = preSolution
		HideSolutionNode = FALSE
	EndGlobalSection
	GlobalSection(ProjectConfigurationPlatforms) = postSolution
		{247EFE6E-F011-4E6B-A75D-7C57513F72B8}.Debug|Any CPU.ActiveCfg = Debug|Any CPU
		{247EFE6E-F011-4E6B-A75D-7C57513F72B8}.Debug|Any CPU.Build.0 = Debug|Any CPU
		{247EFE6E-F011-4E6B-A75D-7C57513F72B8}.Release|Any CPU.ActiveCfg = Release|Any CPU
		{247EFE6E-F011-4E6B-A75D-7C57513F72B8}.Release|Any CPU.Build.0 = Release|Any CPU
		{2E854FA4-7FD9-4718-BE33-F193D11B35BE}.Debug|Any CPU.ActiveCfg = Debug|Any CPU
		{2E854FA4-7FD9-4718-BE33-F193D11B35BE}.Debug|Any CPU.Build.0 = Debug|Any CPU
		{2E854FA4-7FD9-4718-BE33-F193D11B35BE}.Release|Any CPU.ActiveCfg = Release|Any CPU
		{2E854FA4-7FD9-4718-BE33-F193D11B35BE}.Release|Any CPU.Build.0 = Release|Any CPU
	EndGlobalSection
	GlobalSection(NestedProjects) = preSolution
		{247EFE6E-F011-4E6B-A75D-7C57513F72B8} = {52CFAF33-386F-4849-9D24-C2B6951A7066}
		{2E854FA4-7FD9-4718-BE33-F193D11B35BE} = {2A08C1D5-AD44-43D3-B4C4-A6977DA1AFC3}
	EndGlobalSection
EndGlobal
